
Microsoft Visual Studio Solution File, Format Version 12.00
# Visual Studio 14
VisualStudioVersion = 14.0.25420.1
MinimumVisualStudioVersion = 10.0.40219.1
Project("{FAE04EC0-301F-11D3-BF4B-00C04F79EFBC}") = "WpfTaskTest", "WpfTaskTest\WpfTaskTest.csproj", "{A6A9D777-E4FF-42F1-95D9-76EBBA6EC140}"
EndProject
Project("{FAE04EC0-301F-11D3-BF4B-00C04F79EFBC}") = "WpfBarrier", "WpfBarrier\WpfBarrier.csproj", "{18CFFF2A-C6D4-44C0-958D-F1F0B96C4D36}"
EndProject
Global
	GlobalSection(SolutionConfigurationPlatforms) = preSolution
		Debug|Any CPU = Debug|Any CPU
		Release|Any CPU = Release|Any CPU
	EndGlobalSection
	GlobalSection(ProjectConfigurationPlatforms) = postSolution
		{A6A9D777-E4FF-42F1-95D9-76EBBA6EC140}.Debug|Any CPU.ActiveCfg = Debug|Any CPU
		{A6A9D777-E4FF-42F1-95D9-76EBBA6EC140}.Debug|Any CPU.Build.0 = Debug|Any CPU
		{A6A9D777-E4FF-42F1-95D9-76EBBA6EC140}.Release|Any CPU.ActiveCfg = Release|Any CPU
		{A6A9D777-E4FF-42F1-95D9-76EBBA6EC140}.Release|Any CPU.Build.0 = Release|Any CPU
		{18CFFF2A-C6D4-44C0-958D-F1F0B96C4D36}.Debug|Any CPU.ActiveCfg = Debug|Any CPU
		{18CFFF2A-C6D4-44C0-958D-F1F0B96C4D36}.Debug|Any CPU.Build.0 = Debug|Any CPU
		{18CFFF2A-C6D4-44C0-958D-F1F0B96C4D36}.Release|Any CPU.ActiveCfg = Release|Any CPU
		{18CFFF2A-C6D4-44C0-958D-F1F0B96C4D36}.Release|Any CPU.Build.0 = Release|Any CPU
	EndGlobalSection
	GlobalSection(SolutionProperties) = preSolution
		HideSolutionNode = FALSE
	EndGlobalSection
EndGlobal
